
Microsoft Visual Studio Solution File, Format Version 12.00
# Visual Studio Version 16
VisualStudioVersion = 16.0.30011.22
MinimumVisualStudioVersion = 10.0.40219.1
Project("{FAE04EC0-301F-11D3-BF4B-00C04F79EFBC}") = "P01.Club Party", "P01.Club Party\P01.Club Party.csproj", "{C1710F13-C529-427E-BB24-8B0CA513FE2F}"
EndProject
Project("{FAE04EC0-301F-11D3-BF4B-00C04F79EFBC}") = "P02.TronRacers", "P02.TronRacers\P02.TronRacers.csproj", "{B0BBD3CA-6B26-48D0-9C75-1595FA5C1CAC}"
EndProject
Project("{FAE04EC0-301F-11D3-BF4B-00C04F79EFBC}") = "P03.Heroes", "P03.Heroes\P03.Heroes.csproj", "{27847E47-57D0-40E1-9FB2-367F5252077C}"
EndProject
Global
	GlobalSection(SolutionConfigurationPlatforms) = preSolution
		Debug|Any CPU = Debug|Any CPU
		Release|Any CPU = Release|Any CPU
	EndGlobalSection
	GlobalSection(ProjectConfigurationPlatforms) = postSolution
		{C1710F13-C529-427E-BB24-8B0CA513FE2F}.Debug|Any CPU.ActiveCfg = Debug|Any CPU
		{C1710F13-C529-427E-BB24-8B0CA513FE2F}.Debug|Any CPU.Build.0 = Debug|Any CPU
		{C1710F13-C529-427E-BB24-8B0CA513FE2F}.Release|Any CPU.ActiveCfg = Release|Any CPU
		{C1710F13-C529-427E-BB24-8B0CA513FE2F}.Release|Any CPU.Build.0 = Release|Any CPU
		{B0BBD3CA-6B26-48D0-9C75-1595FA5C1CAC}.Debug|Any CPU.ActiveCfg = Debug|Any CPU
		{B0BBD3CA-6B26-48D0-9C75-1595FA5C1CAC}.Debug|Any CPU.Build.0 = Debug|Any CPU
		{B0BBD3CA-6B26-48D0-9C75-1595FA5C1CAC}.Release|Any CPU.ActiveCfg = Release|Any CPU
		{B0BBD3CA-6B26-48D0-9C75-1595FA5C1CAC}.Release|Any CPU.Build.0 = Release|Any CPU
		{27847E47-57D0-40E1-9FB2-367F5252077C}.Debug|Any CPU.ActiveCfg = Debug|Any CPU
		{27847E47-57D0-40E1-9FB2-367F5252077C}.Debug|Any CPU.Build.0 = Debug|Any CPU
		{27847E47-57D0-40E1-9FB2-367F5252077C}.Release|Any CPU.ActiveCfg = Release|Any CPU
		{27847E47-57D0-40E1-9FB2-367F5252077C}.Release|Any CPU.Build.0 = Release|Any CPU
	EndGlobalSection
	GlobalSection(SolutionProperties) = preSolution
		HideSolutionNode = FALSE
	EndGlobalSection
	GlobalSection(ExtensibilityGlobals) = postSolution
		SolutionGuid = {BE78747A-9318-4D40-A712-BF1C8AB2CB50}
	EndGlobalSection
EndGlobal
